
Microsoft Visual Studio Solution File, Format Version 12.00
# Visual Studio Version 17
VisualStudioVersion = 17.1.32210.238
MinimumVisualStudioVersion = 10.0.40219.1
Project("{FAE04EC0-301F-11D3-BF4B-00C04F79EFBC}") = "hotel", "hotel\hotel.csproj", "{6802773C-8F1F-4EF6-8B1D-7254E3DFD45D}"
EndProject
Global
	GlobalSection(SolutionConfigurationPlatforms) = preSolution
		Debug|Any CPU = Debug|Any CPU
		Release|Any CPU = Release|Any CPU
	EndGlobalSection
	GlobalSection(ProjectConfigurationPlatforms) = postSolution
		{6802773C-8F1F-4EF6-8B1D-7254E3DFD45D}.Debug|Any CPU.ActiveCfg = Debug|Any CPU
		{6802773C-8F1F-4EF6-8B1D-7254E3DFD45D}.Debug|Any CPU.Build.0 = Debug|Any CPU
		{6802773C-8F1F-4EF6-8B1D-7254E3DFD45D}.Release|Any CPU.ActiveCfg = Release|Any CPU
		{6802773C-8F1F-4EF6-8B1D-7254E3DFD45D}.Release|Any CPU.Build.0 = Release|Any CPU
	EndGlobalSection
	GlobalSection(SolutionProperties) = preSolution
		HideSolutionNode = FALSE
	EndGlobalSection
	GlobalSection(ExtensibilityGlobals) = postSolution
		SolutionGuid = {FF12D0A6-70C6-4F71-B22A-B6E0429152C4}
	EndGlobalSection
EndGlobal
